// !$*UTF8*$!
{
	archiveVersion = 1;
	classes = {
	};
	objectVersion = 55;
	objects = {

/* Begin PBXBuildFile section */
		50260D3E285EB10700175ACF /* musicaApp.swift in Sources */ = {isa = PBXBuildFile; fileRef = 50260D3D285EB10700175ACF /* musicaApp.swift */; };
		50260D42285EB10D00175ACF /* Assets.xcassets in Resources */ = {isa = PBXBuildFile; fileRef = 50260D41285EB10D00175ACF /* Assets.xcassets */; };
		50260D45285EB10D00175ACF /* Preview Assets.xcassets in Resources */ = {isa = PBXBuildFile; fileRef = 50260D44285EB10D00175ACF /* Preview Assets.xcassets */; };
		50260D4C285EB48B00175ACF /* Profile.swift in Sources */ = {isa = PBXBuildFile; fileRef = 50260D4B285EB48B00175ACF /* Profile.swift */; };
		50260D4E285EBEBB00175ACF /* MusicaUser.swift in Sources */ = {isa = PBXBuildFile; fileRef = 50260D4D285EBEBB00175ACF /* MusicaUser.swift */; };
		50260D50285EC29F00175ACF /* AppUser.swift in Sources */ = {isa = PBXBuildFile; fileRef = 50260D4F285EC29F00175ACF /* AppUser.swift */; };
		50260D52285EC3D500175ACF /* MusicaVideo.swift in Sources */ = {isa = PBXBuildFile; fileRef = 50260D51285EC3D500175ACF /* MusicaVideo.swift */; };
		50260D54285EC63C00175ACF /* Tag.swift in Sources */ = {isa = PBXBuildFile; fileRef = 50260D53285EC63C00175ACF /* Tag.swift */; };
		50260D56285EC7C800175ACF /* TagList.swift in Sources */ = {isa = PBXBuildFile; fileRef = 50260D55285EC7C800175ACF /* TagList.swift */; };
		5072CE6B285FFCF8006F3D64 /* Glass.swift in Sources */ = {isa = PBXBuildFile; fileRef = 5072CE6A285FFCF8006F3D64 /* Glass.swift */; };
/* End PBXBuildFile section */

/* Begin PBXFileReference section */
		50260D3A285EB10700175ACF /* musica.app */ = {isa = PBXFileReference; explicitFileType = wrapper.application; includeInIndex = 0; path = musica.app; sourceTree = BUILT_PRODUCTS_DIR; };
		50260D3D285EB10700175ACF /* musicaApp.swift */ = {isa = PBXFileReference; lastKnownFileType = sourcecode.swift; path = musicaApp.swift; sourceTree = "<group>"; };
		50260D41285EB10D00175ACF /* Assets.xcassets */ = {isa = PBXFileReference; lastKnownFileType = folder.assetcatalog; path = Assets.xcassets; sourceTree = "<group>"; };
		50260D44285EB10D00175ACF /* Preview Assets.xcassets */ = {isa = PBXFileReference; lastKnownFileType = folder.assetcatalog; path = "Preview Assets.xcassets"; sourceTree = "<group>"; };
		50260D4B285EB48B00175ACF /* Profile.swift */ = {isa = PBXFileReference; lastKnownFileType = sourcecode.swift; path = Profile.swift; sourceTree = "<group>"; };
		50260D4D285EBEBB00175ACF /* MusicaUser.swift */ = {isa = PBXFileReference; lastKnownFileType = sourcecode.swift; path = MusicaUser.swift; sourceTree = "<group>"; };
		50260D4F285EC29F00175ACF /* AppUser.swift */ = {isa = PBXFileReference; lastKnownFileType = sourcecode.swift; path = AppUser.swift; sourceTree = "<group>"; };
		50260D51285EC3D500175ACF /* MusicaVideo.swift */ = {isa = PBXFileReference; lastKnownFileType = sourcecode.swift; path = MusicaVideo.swift; sourceTree = "<group>"; };
		50260D53285EC63C00175ACF /* Tag.swift */ = {isa = PBXFileReference; lastKnownFileType = sourcecode.swift; path = Tag.swift; sourceTree = "<group>"; };
		50260D55285EC7C800175ACF /* TagList.swift */ = {isa = PBXFileReference; lastKnownFileType = sourcecode.swift; path = TagList.swift; sourceTree = "<group>"; };
		5072CE6A285FFCF8006F3D64 /* Glass.swift */ = {isa = PBXFileReference; lastKnownFileType = sourcecode.swift; path = Glass.swift; sourceTree = "<group>"; };
/* End PBXFileReference section */

/* Begin PBXFrameworksBuildPhase section */
		50260D37285EB10700175ACF /* Frameworks */ = {
			isa = PBXFrameworksBuildPhase;
			buildActionMask = 2147483647;
			files = (
			);
			runOnlyForDeploymentPostprocessing = 0;
		};
/* End PBXFrameworksBuildPhase section */

/* Begin PBXGroup section */
		50260D31285EB10700175ACF = {
			isa = PBXGroup;
			children = (
				50260D3C285EB10700175ACF /* musica */,
				50260D3B285EB10700175ACF /* Products */,
			);
			sourceTree = "<group>";
		};
		50260D3B285EB10700175ACF /* Products */ = {
			isa = PBXGroup;
			children = (
				50260D3A285EB10700175ACF /* musica.app */,
			);
			name = Products;
			sourceTree = "<group>";
		};
		50260D3C285EB10700175ACF /* musica */ = {
			isa = PBXGroup;
			children = (
				50260D3D285EB10700175ACF /* musicaApp.swift */,
				50260D4B285EB48B00175ACF /* Profile.swift */,
				5072CE6A285FFCF8006F3D64 /* Glass.swift */,
				50260D53285EC63C00175ACF /* Tag.swift */,
				50260D55285EC7C800175ACF /* TagList.swift */,
				50260D4D285EBEBB00175ACF /* MusicaUser.swift */,
				50260D51285EC3D500175ACF /* MusicaVideo.swift */,
				50260D4F285EC29F00175ACF /* AppUser.swift */,
				50260D41285EB10D00175ACF /* Assets.xcassets */,
				50260D43285EB10D00175ACF /* Preview Content */,
			);
			path = musica;
			sourceTree = "<group>";
		};
		50260D43285EB10D00175ACF /* Preview Content */ = {
			isa = PBXGroup;
			children = (
				50260D44285EB10D00175ACF /* Preview Assets.xcassets */,
			);
			path = "Preview Content";
			sourceTree = "<group>";
		};
/* End PBXGroup section */

/* Begin PBXNativeTarget section */
		50260D39285EB10700175ACF /* musica */ = {
			isa = PBXNativeTarget;
			buildConfigurationList = 50260D48285EB10D00175ACF /* Build configuration list for PBXNativeTarget "musica" */;
			buildPhases = (
				50260D36285EB10700175ACF /* Sources */,
				50260D37285EB10700175ACF /* Frameworks */,
				50260D38285EB10700175ACF /* Resources */,
			);
			buildRules = (
			);
			dependencies = (
			);
			name = musica;
			productName = musica;
			productReference = 50260D3A285EB10700175ACF /* musica.app */;
			productType = "com.apple.product-type.application";
		};
/* End PBXNativeTarget section */

/* Begin PBXProject section */
		50260D32285EB10700175ACF /* Project object */ = {
			isa = PBXProject;
			attributes = {
				BuildIndependentTargetsInParallel = 1;
				LastSwiftUpdateCheck = 1340;
				LastUpgradeCheck = 1340;
				TargetAttributes = {
					50260D39285EB10700175ACF = {
						CreatedOnToolsVersion = 13.4.1;
					};
				};
			};
			buildConfigurationList = 50260D35285EB10700175ACF /* Build configuration list for PBXProject "musica" */;
			compatibilityVersion = "Xcode 13.0";
			developmentRegion = en;
			hasScannedForEncodings = 0;
			knownRegions = (
				en,
				Base,
			);
			mainGroup = 50260D31285EB10700175ACF;
			productRefGroup = 50260D3B285EB10700175ACF /* Products */;
			projectDirPath = "";
			projectRoot = "";
			targets = (
				50260D39285EB10700175ACF /* musica */,
			);
		};
/* End PBXProject section */

/* Begin PBXResourcesBuildPhase section */
		50260D38285EB10700175ACF /* Resources */ = {
			isa = PBXResourcesBuildPhase;
			buildActionMask = 2147483647;
			files = (
				50260D45285EB10D00175ACF /* Preview Assets.xcassets in Resources */,
				50260D42285EB10D00175ACF /* Assets.xcassets in Resources */,
			);
			runOnlyForDeploymentPostprocessing = 0;
		};
/* End PBXResourcesBuildPhase section */

/* Begin PBXSourcesBuildPhase section */
		50260D36285EB10700175ACF /* Sources */ = {
			isa = PBXSourcesBuildPhase;
			buildActionMask = 2147483647;
			files = (
				5072CE6B285FFCF8006F3D64 /* Glass.swift in Sources */,
				50260D54285EC63C00175ACF /* Tag.swift in Sources */,
				50260D56285EC7C800175ACF /* TagList.swift in Sources */,
				50260D50285EC29F00175ACF /* AppUser.swift in Sources */,
				50260D4E285EBEBB00175ACF /* MusicaUser.swift in Sources */,
				50260D52285EC3D500175ACF /* MusicaVideo.swift in Sources */,
				50260D4C285EB48B00175ACF /* Profile.swift in Sources */,
				50260D3E285EB10700175ACF /* musicaApp.swift in Sources */,
			);
			runOnlyForDeploymentPostprocessing = 0;
		};
/* End PBXSourcesBuildPhase section */

/* Begin XCBuildConfiguration section */
		50260D46285EB10D00175ACF /* Debug */ = {
			isa = XCBuildConfiguration;
			buildSettings = {
				ALWAYS_SEARCH_USER_PATHS = NO;
				CLANG_ANALYZER_NONNULL = YES;
				CLANG_ANALYZER_NUMBER_OBJECT_CONVERSION = YES_AGGRESSIVE;
				CLANG_CXX_LANGUAGE_STANDARD = "gnu++17";
				CLANG_ENABLE_MODULES = YES;
				CLANG_ENABLE_OBJC_ARC = YES;
				CLANG_ENABLE_OBJC_WEAK = YES;
				CLANG_WARN_BLOCK_CAPTURE_AUTORELEASING = YES;
				CLANG_WARN_BOOL_CONVERSION = YES;
				CLANG_WARN_COMMA = YES;
				CLANG_WARN_CONSTANT_CONVERSION = YES;
				CLANG_WARN_DEPRECATED_OBJC_IMPLEMENTATIONS = YES;
				CLANG_WARN_DIRECT_OBJC_ISA_USAGE = YES_ERROR;
				CLANG_WARN_DOCUMENTATION_COMMENTS = YES;
				CLANG_WARN_EMPTY_BODY = YES;
				CLANG_WARN_ENUM_CONVERSION = YES;
				CLANG_WARN_INFINITE_RECURSION = YES;
				CLANG_WARN_INT_CONVERSION = YES;
				CLANG_WARN_NON_LITERAL_NULL_CONVERSION = YES;
				CLANG_WARN_OBJC_IMPLICIT_RETAIN_SELF = YES;
				CLANG_WARN_OBJC_LITERAL_CONVERSION = YES;
				CLANG_WARN_OBJC_ROOT_CLASS = YES_ERROR;
				CLANG_WARN_QUOTED_INCLUDE_IN_FRAMEWORK_HEADER = YES;
				CLANG_WARN_RANGE_LOOP_ANALYSIS = YES;
				CLANG_WARN_STRICT_PROTOTYPES = YES;
				CLANG_WARN_SUSPICIOUS_MOVE = YES;
				CLANG_WARN_UNGUARDED_AVAILABILITY = YES_AGGRESSIVE;
				CLANG_WARN_UNREACHABLE_CODE = YES;
				CLANG_WARN__DUPLICATE_METHOD_MATCH = YES;
				COPY_PHASE_STRIP = NO;
				DEBUG_INFORMATION_FORMAT = dwarf;
				ENABLE_STRICT_OBJC_MSGSEND = YES;
				ENABLE_TESTABILITY = YES;
				GCC_C_LANGUAGE_STANDARD = gnu11;
				GCC_DYNAMIC_NO_PIC = NO;
				GCC_NO_COMMON_BLOCKS = YES;
				GCC_OPTIMIZATION_LEVEL = 0;
				GCC_PREPROCESSOR_DEFINITIONS = (
					"DEBUG=1",
					"$(inherited)",
				);
				GCC_WARN_64_TO_32_BIT_CONVERSION = YES;
				GCC_WARN_ABOUT_RETURN_TYPE = YES_ERROR;
				GCC_WARN_UNDECLARED_SELECTOR = YES;
				GCC_WARN_UNINITIALIZED_AUTOS = YES_AGGRESSIVE;
				GCC_WARN_UNUSED_FUNCTION = YES;
				GCC_WARN_UNUSED_VARIABLE = YES;
				IPHONEOS_DEPLOYMENT_TARGET = 15.5;
				MTL_ENABLE_DEBUG_INFO = INCLUDE_SOURCE;
				MTL_FAST_MATH = YES;
				ONLY_ACTIVE_ARCH = YES;
				SDKROOT = iphoneos;
				SWIFT_ACTIVE_COMPILATION_CONDITIONS = DEBUG;
				SWIFT_OPTIMIZATION_LEVEL = "-Onone";
			};
			name = Debug;
		};
		50260D47285EB10D00175ACF /* Release */ = {
			isa = XCBuildConfiguration;
			buildSettings = {
				ALWAYS_SEARCH_USER_PATHS = NO;
				CLANG_ANALYZER_NONNULL = YES;
				CLANG_ANALYZER_NUMBER_OBJECT_CONVERSION = YES_AGGRESSIVE;
				CLANG_CXX_LANGUAGE_STANDARD = "gnu++17";
				CLANG_ENABLE_MODULES = YES;
				CLANG_ENABLE_OBJC_ARC = YES;
				CLANG_ENABLE_OBJC_WEAK = YES;
				CLANG_WARN_BLOCK_CAPTURE_AUTORELEASING = YES;
				CLANG_WARN_BOOL_CONVERSION = YES;
				CLANG_WARN_COMMA = YES;
				CLANG_WARN_CONSTANT_CONVERSION = YES;
				CLANG_WARN_DEPRECATED_OBJC_IMPLEMENTATIONS = YES;
				CLANG_WARN_DIRECT_OBJC_ISA_USAGE = YES_ERROR;
				CLANG_WARN_DOCUMENTATION_COMMENTS = YES;
				CLANG_WARN_EMPTY_BODY = YES;
				CLANG_WARN_ENUM_CONVERSION = YES;
				CLANG_WARN_INFINITE_RECURSION = YES;
				CLANG_WARN_INT_CONVERSION = YES;
				CLANG_WARN_NON_LITERAL_NULL_CONVERSION = YES;
				CLANG_WARN_OBJC_IMPLICIT_RETAIN_SELF = YES;
				CLANG_WARN_OBJC_LITERAL_CONVERSION = YES;
				CLANG_WARN_OBJC_ROOT_CLASS = YES_ERROR;
				CLANG_WARN_QUOTED_INCLUDE_IN_FRAMEWORK_HEADER = YES;
				CLANG_WARN_RANGE_LOOP_ANALYSIS = YES;
				CLANG_WARN_STRICT_PROTOTYPES = YES;
				CLANG_WARN_SUSPICIOUS_MOVE = YES;
				CLANG_WARN_UNGUARDED_AVAILABILITY = YES_AGGRESSIVE;
				CLANG_WARN_UNREACHABLE_CODE = YES;
				CLANG_WARN__DUPLICATE_METHOD_MATCH = YES;
				COPY_PHASE_STRIP = NO;
				DEBUG_INFORMATION_FORMAT = "dwarf-with-dsym";
				ENABLE_NS_ASSERTIONS = NO;
				ENABLE_STRICT_OBJC_MSGSEND = YES;
				GCC_C_LANGUAGE_STANDARD = gnu11;
				GCC_NO_COMMON_BLOCKS = YES;
				GCC_WARN_64_TO_32_BIT_CONVERSION = YES;
				GCC_WARN_ABOUT_RETURN_TYPE = YES_ERROR;
				GCC_WARN_UNDECLARED_SELECTOR = YES;
				GCC_WARN_UNINITIALIZED_AUTOS = YES_AGGRESSIVE;
				GCC_WARN_UNUSED_FUNCTION = YES;
				GCC_WARN_UNUSED_VARIABLE = YES;
				IPHONEOS_DEPLOYMENT_TARGET = 15.5;
				MTL_ENABLE_DEBUG_INFO = NO;
				MTL_FAST_MATH = YES;
				SDKROOT = iphoneos;
				SWIFT_COMPILATION_MODE = wholemodule;
				SWIFT_OPTIMIZATION_LEVEL = "-O";
				VALIDATE_PRODUCT = YES;
			};
			name = Release;
		};
		50260D49285EB10D00175ACF /* Debug */ = {
			isa = XCBuildConfiguration;
			buildSettings = {
				ASSETCATALOG_COMPILER_APPICON_NAME = AppIcon;
				ASSETCATALOG_COMPILER_GLOBAL_ACCENT_COLOR_NAME = AccentColor;
				CODE_SIGN_STYLE = Automatic;
				CURRENT_PROJECT_VERSION = 1;
				DEVELOPMENT_ASSET_PATHS = "\"musica/Preview Content\"";
				DEVELOPMENT_TEAM = 3FD587963T;
				ENABLE_PREVIEWS = YES;
				GENERATE_INFOPLIST_FILE = YES;
				INFOPLIST_KEY_UIApplicationSceneManifest_Generation = YES;
				INFOPLIST_KEY_UIApplicationSupportsIndirectInputEvents = YES;
				INFOPLIST_KEY_UILaunchScreen_Generation = YES;
				INFOPLIST_KEY_UISupportedInterfaceOrientations_iPad = "UIInterfaceOrientationPortrait UIInterfaceOrientationPortraitUpsideDown UIInterfaceOrientationLandscapeLeft UIInterfaceOrientationLandscapeRight";
				INFOPLIST_KEY_UISupportedInterfaceOrientations_iPhone = "UIInterfaceOrientationPortrait UIInterfaceOrientationLandscapeLeft UIInterfaceOrientationLandscapeRight";
				LD_RUNPATH_SEARCH_PATHS = (
					"$(inherited)",
					"@executable_path/Frameworks",
				);
				MARKETING_VERSION = 1.0;
				PRODUCT_BUNDLE_IDENTIFIER = dev.jakedavies.musica;
				PRODUCT_NAME = "$(TARGET_NAME)";
				SWIFT_EMIT_LOC_STRINGS = YES;
				SWIFT_VERSION = 5.0;
				TARGETED_DEVICE_FAMILY = "1,2";
			};
			name = Debug;
		};
		50260D4A285EB10D00175ACF /* Release */ = {
			isa = XCBuildConfiguration;
			buildSettings = {
				ASSETCATALOG_COMPILER_APPICON_NAME = AppIcon;
				ASSETCATALOG_COMPILER_GLOBAL_ACCENT_COLOR_NAME = AccentColor;
				CODE_SIGN_STYLE = Automatic;
				CURRENT_PROJECT_VERSION = 1;
				DEVELOPMENT_ASSET_PATHS = "\"musica/Preview Content\"";
				DEVELOPMENT_TEAM = 3FD587963T;
				ENABLE_PREVIEWS = YES;
				GENERATE_INFOPLIST_FILE = YES;
				INFOPLIST_KEY_UIApplicationSceneManifest_Generation = YES;
				INFOPLIST_KEY_UIApplicationSupportsIndirectInputEvents = YES;
				INFOPLIST_KEY_UILaunchScreen_Generation = YES;
				INFOPLIST_KEY_UISupportedInterfaceOrientations_iPad = "UIInterfaceOrientationPortrait UIInterfaceOrientationPortraitUpsideDown UIInterfaceOrientationLandscapeLeft UIInterfaceOrientationLandscapeRight";
				INFOPLIST_KEY_UISupportedInterfaceOrientations_iPhone = "UIInterfaceOrientationPortrait UIInterfaceOrientationLandscapeLeft UIInterfaceOrientationLandscapeRight";
				LD_RUNPATH_SEARCH_PATHS = (
					"$(inherited)",
					"@executable_path/Frameworks",
				);
				MARKETING_VERSION = 1.0;
				PRODUCT_BUNDLE_IDENTIFIER = dev.jakedavies.musica;
				PRODUCT_NAME = "$(TARGET_NAME)";
				SWIFT_EMIT_LOC_STRINGS = YES;
				SWIFT_VERSION = 5.0;
				TARGETED_DEVICE_FAMILY = "1,2";
			};
			name = Release;
		};
/* End XCBuildConfiguration section */

/* Begin XCConfigurationList section */
		50260D35285EB10700175ACF /* Build configuration list for PBXProject "musica" */ = {
			isa = XCConfigurationList;
			buildConfigurations = (
				50260D46285EB10D00175ACF /* Debug */,
				50260D47285EB10D00175ACF /* Release */,
			);
			defaultConfigurationIsVisible = 0;
			defaultConfigurationName = Release;
		};
		50260D48285EB10D00175ACF /* Build configuration list for PBXNativeTarget "musica" */ = {
			isa = XCConfigurationList;
			buildConfigurations = (
				50260D49285EB10D00175ACF /* Debug */,
				50260D4A285EB10D00175ACF /* Release */,
			);
			defaultConfigurationIsVisible = 0;
			defaultConfigurationName = Release;
		};
/* End XCConfigurationList section */
	};
	rootObject = 50260D32285EB10700175ACF /* Project object */;
}
